
Microsoft Visual Studio Solution File, Format Version 12.00
# Visual Studio Version 17
VisualStudioVersion = 17.10.35201.131
MinimumVisualStudioVersion = 10.0.40219.1
Project("{FAE04EC0-301F-11D3-BF4B-00C04F79EFBC}") = "VoyageVistaTravel.Web", "VoyageVistaTravel.Web\VoyageVistaTravel.Web.csproj", "{2D4453C4-15CB-46AF-AAF8-840A21602DF5}"
EndProject
Project("{FAE04EC0-301F-11D3-BF4B-00C04F79EFBC}") = "VoyageVistaTravel.Common", "VoyageVistaTravel.Common\VoyageVistaTravel.Common.csproj", "{8BECEB9C-CA1D-47F7-9E3C-4AD18003856C}"
EndProject
Project("{FAE04EC0-301F-11D3-BF4B-00C04F79EFBC}") = "VoyageVistaTravel.Logic", "VoyageVistaTravel.Logic\VoyageVistaTravel.Logic.csproj", "{F7DF7749-53F3-408F-AEE0-2F5F47EC64D6}"
EndProject
Project("{FAE04EC0-301F-11D3-BF4B-00C04F79EFBC}") = "VoyageVistaTravel.Data", "VoyageVistaTravel.Data\VoyageVistaTravel.Data.csproj", "{74D90E57-F0C0-4E27-A88F-FABF5B7D1831}"
EndProject
Global
	GlobalSection(SolutionConfigurationPlatforms) = preSolution
		Debug|Any CPU = Debug|Any CPU
		Release|Any CPU = Release|Any CPU
	EndGlobalSection
	GlobalSection(ProjectConfigurationPlatforms) = postSolution
		{2D4453C4-15CB-46AF-AAF8-840A21602DF5}.Debug|Any CPU.ActiveCfg = Debug|Any CPU
		{2D4453C4-15CB-46AF-AAF8-840A21602DF5}.Debug|Any CPU.Build.0 = Debug|Any CPU
		{2D4453C4-15CB-46AF-AAF8-840A21602DF5}.Release|Any CPU.ActiveCfg = Release|Any CPU
		{2D4453C4-15CB-46AF-AAF8-840A21602DF5}.Release|Any CPU.Build.0 = Release|Any CPU
		{8BECEB9C-CA1D-47F7-9E3C-4AD18003856C}.Debug|Any CPU.ActiveCfg = Debug|Any CPU
		{8BECEB9C-CA1D-47F7-9E3C-4AD18003856C}.Debug|Any CPU.Build.0 = Debug|Any CPU
		{8BECEB9C-CA1D-47F7-9E3C-4AD18003856C}.Release|Any CPU.ActiveCfg = Release|Any CPU
		{8BECEB9C-CA1D-47F7-9E3C-4AD18003856C}.Release|Any CPU.Build.0 = Release|Any CPU
		{F7DF7749-53F3-408F-AEE0-2F5F47EC64D6}.Debug|Any CPU.ActiveCfg = Debug|Any CPU
		{F7DF7749-53F3-408F-AEE0-2F5F47EC64D6}.Debug|Any CPU.Build.0 = Debug|Any CPU
		{F7DF7749-53F3-408F-AEE0-2F5F47EC64D6}.Release|Any CPU.ActiveCfg = Release|Any CPU
		{F7DF7749-53F3-408F-AEE0-2F5F47EC64D6}.Release|Any CPU.Build.0 = Release|Any CPU
		{74D90E57-F0C0-4E27-A88F-FABF5B7D1831}.Debug|Any CPU.ActiveCfg = Debug|Any CPU
		{74D90E57-F0C0-4E27-A88F-FABF5B7D1831}.Debug|Any CPU.Build.0 = Debug|Any CPU
		{74D90E57-F0C0-4E27-A88F-FABF5B7D1831}.Release|Any CPU.ActiveCfg = Release|Any CPU
		{74D90E57-F0C0-4E27-A88F-FABF5B7D1831}.Release|Any CPU.Build.0 = Release|Any CPU
	EndGlobalSection
	GlobalSection(SolutionProperties) = preSolution
		HideSolutionNode = FALSE
	EndGlobalSection
	GlobalSection(ExtensibilityGlobals) = postSolution
		SolutionGuid = {39ED43FB-DB04-4755-A7AD-D6EFD37D85A5}
	EndGlobalSection
EndGlobal
